PODS:
  - Alamofire (5.2.1)
  - Japx (3.0.0):
    - Japx/Core (= 3.0.0)
  - Japx/Alamofire (3.0.0):
    - Alamofire (~> 5.0)
    - Japx/Core
  - Japx/Core (3.0.0)
  - Kingfisher (5.14.0):
    - Kingfisher/Core (= 5.14.0)
  - Kingfisher/Core (5.14.0)
  - LoadingShimmer (1.0.3)
  - MaterialComponents/Availability (109.8.0)
  - MaterialComponents/Elevation (109.8.0):
    - MaterialComponents/Availability
    - MaterialComponents/private/Color
    - MaterialComponents/private/Math
  - MaterialComponents/NavigationDrawer (109.8.0):
    - MaterialComponents/Elevation
    - MaterialComponents/Palettes
    - MaterialComponents/private/Math
    - MaterialComponents/private/UIMetrics
    - MaterialComponents/ShadowLayer
  - MaterialComponents/Palettes (109.8.0)
  - MaterialComponents/private/Application (109.8.0)
  - MaterialComponents/private/Color (109.8.0):
    - MaterialComponents/Availability
  - MaterialComponents/private/Math (109.8.0)
  - MaterialComponents/private/UIMetrics (109.8.0):
    - MaterialComponents/private/Application
  - MaterialComponents/ShadowElevations (109.8.0)
  - MaterialComponents/ShadowLayer (109.8.0):
    - MaterialComponents/ShadowElevations
  - XLPagerTabStrip (9.0.0)

DEPENDENCIES:
  - Alamofire
  - Japx
  - Japx/Alamofire
  - Kingfisher
  - LoadingShimmer
  - MaterialComponents/NavigationDrawer
  - XLPagerTabStrip

SPEC REPOS:
  trunk:
    - Alamofire
    - Japx
    - Kingfisher
    - LoadingShimmer
    - MaterialComponents
    - XLPagerTabStrip

SPEC CHECKSUMS:
  Alamofire: e911732990610fe89af59ac0077f923d72dc3dfd
  Japx: d1f7f3e4b94f2013538102e96cf96fd417005f76
  Kingfisher: 7b64389a43139c903ec434788344c288217c792d
  LoadingShimmer: dd681218498ec9648f572b845a7299b9c62e8e30
  MaterialComponents: 00df0652f52cd6968b02d531bd2e6956b0f907b8
  XLPagerTabStrip: 61c57fd61f611ee5f01ff1495ad6fbee8bf496c5

PODFILE CHECKSUM: d4df6302f3aa968b8b9c12a77bed2eb54893a720

COCOAPODS: 1.9.1
