// !$*UTF8*$!
{
	archiveVersion = 1;
	classes = {
	};
	objectVersion = 51;
	objects = {

/* Begin PBXBuildFile section */
		57CACB702491440D0013E3AA /* onboardingScreen .swift in Sources */ = {isa = PBXBuildFile; fileRef = 57CACB6F2491440D0013E3AA /* onboardingScreen .swift */; };
		57CACB7424914CB80013E3AA /* ButtonFillGradient.swift in Sources */ = {isa = PBXBuildFile; fileRef = 57CACB7324914CB80013E3AA /* ButtonFillGradient.swift */; };
		57CACB7624914CF70013E3AA /* ButtonBorderGradient.swift in Sources */ = {isa = PBXBuildFile; fileRef = 57CACB7524914CF70013E3AA /* ButtonBorderGradient.swift */; };
		82AEA0054B870D344E318F47 /* Pods_CBOnlineIos.framework in Frameworks */ = {isa = PBXBuildFile; fileRef = 6EC848350B72E35000EBA848 /* Pods_CBOnlineIos.framework */; };
		E5123ABA22857462005722AC /* AppDelegate.swift in Sources */ = {isa = PBXBuildFile; fileRef = E5123AB922857462005722AC /* AppDelegate.swift */; };
		E5123ABC22857462005722AC /* ViewController.swift in Sources */ = {isa = PBXBuildFile; fileRef = E5123ABB22857462005722AC /* ViewController.swift */; };
		E5123ABF22857462005722AC /* Main.storyboard in Resources */ = {isa = PBXBuildFile; fileRef = E5123ABD22857462005722AC /* Main.storyboard */; };
		E5123AC122857464005722AC /* Assets.xcassets in Resources */ = {isa = PBXBuildFile; fileRef = E5123AC022857464005722AC /* Assets.xcassets */; };
		E5123AC422857464005722AC /* LaunchScreen.storyboard in Resources */ = {isa = PBXBuildFile; fileRef = E5123AC222857464005722AC /* LaunchScreen.storyboard */; };
		E5DBADE222A2EA4A007A20B5 /* Extensions+UIView.swift in Sources */ = {isa = PBXBuildFile; fileRef = E5DBADE122A2EA4A007A20B5 /* Extensions+UIView.swift */; };
		E5DBADE522A2EA75007A20B5 /* CourseCard.swift in Sources */ = {isa = PBXBuildFile; fileRef = E5DBADE422A2EA75007A20B5 /* CourseCard.swift */; };
		FFF716AA249C61200043EB81 /* DashboardViewController.swift in Sources */ = {isa = PBXBuildFile; fileRef = FFF716A9249C61200043EB81 /* DashboardViewController.swift */; };
/* End PBXBuildFile section */

/* Begin PBXFileReference section */
		29A67E85AF305C97A6C0CACB /* Pods-CBOnlineIos.debug.xcconfig */ = {isa = PBXFileReference; includeInIndex = 1; lastKnownFileType = text.xcconfig; name = "Pods-CBOnlineIos.debug.xcconfig"; path = "Target Support Files/Pods-CBOnlineIos/Pods-CBOnlineIos.debug.xcconfig"; sourceTree = "<group>"; };
		57CACB6F2491440D0013E3AA /* onboardingScreen .swift */ = {isa = PBXFileReference; lastKnownFileType = sourcecode.swift; path = "onboardingScreen .swift"; sourceTree = "<group>"; };
		57CACB7324914CB80013E3AA /* ButtonFillGradient.swift */ = {isa = PBXFileReference; lastKnownFileType = sourcecode.swift; path = ButtonFillGradient.swift; sourceTree = "<group>"; };
		57CACB7524914CF70013E3AA /* ButtonBorderGradient.swift */ = {isa = PBXFileReference; lastKnownFileType = sourcecode.swift; path = ButtonBorderGradient.swift; sourceTree = "<group>"; };
		6EC848350B72E35000EBA848 /* Pods_CBOnlineIos.framework */ = {isa = PBXFileReference; explicitFileType = wrapper.framework; includeInIndex = 0; path = Pods_CBOnlineIos.framework; sourceTree = BUILT_PRODUCTS_DIR; };
		932BC159D3896363EBD793BD /* Pods-CBOnlineIos.release.xcconfig */ = {isa = PBXFileReference; includeInIndex = 1; lastKnownFileType = text.xcconfig; name = "Pods-CBOnlineIos.release.xcconfig"; path = "Target Support Files/Pods-CBOnlineIos/Pods-CBOnlineIos.release.xcconfig"; sourceTree = "<group>"; };
		E5123AB622857462005722AC /* CBOnlineIos.app */ = {isa = PBXFileReference; explicitFileType = wrapper.application; includeInIndex = 0; path = CBOnlineIos.app; sourceTree = BUILT_PRODUCTS_DIR; };
		E5123AB922857462005722AC /* AppDelegate.swift */ = {isa = PBXFileReference; lastKnownFileType = sourcecode.swift; path = AppDelegate.swift; sourceTree = "<group>"; };
		E5123ABB22857462005722AC /* ViewController.swift */ = {isa = PBXFileReference; lastKnownFileType = sourcecode.swift; path = ViewController.swift; sourceTree = "<group>"; };
		E5123ABE22857462005722AC /* Base */ = {isa = PBXFileReference; lastKnownFileType = file.storyboard; name = Base; path = Base.lproj/Main.storyboard; sourceTree = "<group>"; };
		E5123AC022857464005722AC /* Assets.xcassets */ = {isa = PBXFileReference; lastKnownFileType = folder.assetcatalog; path = Assets.xcassets; sourceTree = "<group>"; };
		E5123AC322857464005722AC /* Base */ = {isa = PBXFileReference; lastKnownFileType = file.storyboard; name = Base; path = Base.lproj/LaunchScreen.storyboard; sourceTree = "<group>"; };
		E5123AC522857464005722AC /* Info.plist */ = {isa = PBXFileReference; lastKnownFileType = text.plist.xml; path = Info.plist; sourceTree = "<group>"; };
		E5DBADE122A2EA4A007A20B5 /* Extensions+UIView.swift */ = {isa = PBXFileReference; lastKnownFileType = sourcecode.swift; path = "Extensions+UIView.swift"; sourceTree = "<group>"; };
		E5DBADE422A2EA75007A20B5 /* CourseCard.swift */ = {isa = PBXFileReference; lastKnownFileType = sourcecode.swift; path = CourseCard.swift; sourceTree = "<group>"; };
		FFF716A9249C61200043EB81 /* DashboardViewController.swift */ = {isa = PBXFileReference; lastKnownFileType = sourcecode.swift; name = DashboardViewController.swift; path = CBOnlineIos/Presentation/DashboardViewController.swift; sourceTree = SOURCE_ROOT; };
/* End PBXFileReference section */

/* Begin PBXFrameworksBuildPhase section */
		E5123AB322857462005722AC /* Frameworks */ = {
			isa = PBXFrameworksBuildPhase;
			buildActionMask = 2147483647;
			files = (
				82AEA0054B870D344E318F47 /* Pods_CBOnlineIos.framework in Frameworks */,
			);
			runOnlyForDeploymentPostprocessing = 0;
		};
/* End PBXFrameworksBuildPhase section */

/* Begin PBXGroup section */
		1E4FA7D8F89077D816BC67FA /* Pods */ = {
			isa = PBXGroup;
			children = (
				29A67E85AF305C97A6C0CACB /* Pods-CBOnlineIos.debug.xcconfig */,
				932BC159D3896363EBD793BD /* Pods-CBOnlineIos.release.xcconfig */,
			);
			path = Pods;
			sourceTree = "<group>";
		};
		2CD861D3C67F2F9C9824FA68 /* Frameworks */ = {
			isa = PBXGroup;
			children = (
				6EC848350B72E35000EBA848 /* Pods_CBOnlineIos.framework */,
			);
			name = Frameworks;
			sourceTree = "<group>";
		};
		57CACB71249144640013E3AA /* Presentation */ = {
			isa = PBXGroup;
			children = (
				E5123ABB22857462005722AC /* ViewController.swift */,
				57CACB6F2491440D0013E3AA /* onboardingScreen .swift */,
				FFF716A9249C61200043EB81 /* DashboardViewController.swift */,
			);
			path = Presentation;
			sourceTree = "<group>";
		};
		57CACB72249144B00013E3AA /* StoryBoards */ = {
			isa = PBXGroup;
			children = (
				E5123ABD22857462005722AC /* Main.storyboard */,
				E5123AC222857464005722AC /* LaunchScreen.storyboard */,
			);
			path = StoryBoards;
			sourceTree = "<group>";
		};
		E5123AAD22857462005722AC = {
			isa = PBXGroup;
			children = (
				E5123AB822857462005722AC /* CBOnlineIos */,
				E5123AB722857462005722AC /* Products */,
				1E4FA7D8F89077D816BC67FA /* Pods */,
				2CD861D3C67F2F9C9824FA68 /* Frameworks */,
			);
			sourceTree = "<group>";
		};
		E5123AB722857462005722AC /* Products */ = {
			isa = PBXGroup;
			children = (
				E5123AB622857462005722AC /* CBOnlineIos.app */,
			);
			name = Products;
			sourceTree = "<group>";
		};
		E5123AB822857462005722AC /* CBOnlineIos */ = {
			isa = PBXGroup;
			children = (
				E5DBADE322A2EA60007A20B5 /* Views */,
				E5DBADE022A2EA22007A20B5 /* Extensions */,
				57CACB71249144640013E3AA /* Presentation */,
				57CACB72249144B00013E3AA /* StoryBoards */,
				E5123AB922857462005722AC /* AppDelegate.swift */,
				E5123AC022857464005722AC /* Assets.xcassets */,
				E5123AC522857464005722AC /* Info.plist */,
			);
			path = CBOnlineIos;
			sourceTree = "<group>";
		};
		E5DBADE022A2EA22007A20B5 /* Extensions */ = {
			isa = PBXGroup;
			children = (
				E5DBADE122A2EA4A007A20B5 /* Extensions+UIView.swift */,
			);
			path = Extensions;
			sourceTree = "<group>";
		};
		E5DBADE322A2EA60007A20B5 /* Views */ = {
			isa = PBXGroup;
			children = (
				E5DBADE422A2EA75007A20B5 /* CourseCard.swift */,
				57CACB7324914CB80013E3AA /* ButtonFillGradient.swift */,
				57CACB7524914CF70013E3AA /* ButtonBorderGradient.swift */,
			);
			path = Views;
			sourceTree = "<group>";
		};
/* End PBXGroup section */

/* Begin PBXNativeTarget section */
		E5123AB522857462005722AC /* CBOnlineIos */ = {
			isa = PBXNativeTarget;
			buildConfigurationList = E5123AC822857464005722AC /* Build configuration list for PBXNativeTarget "CBOnlineIos" */;
			buildPhases = (
				EB5CDBA58ECFAC792A0027E3 /* [CP] Check Pods Manifest.lock */,
				E5123AB222857462005722AC /* Sources */,
				E5123AB322857462005722AC /* Frameworks */,
				E5123AB422857462005722AC /* Resources */,
				3F4AB8EB9D8C16435868F457 /* [CP] Embed Pods Frameworks */,
			);
			buildRules = (
			);
			dependencies = (
			);
			name = CBOnlineIos;
			productName = CBOnlineIos;
			productReference = E5123AB622857462005722AC /* CBOnlineIos.app */;
			productType = "com.apple.product-type.application";
		};
/* End PBXNativeTarget section */

/* Begin PBXProject section */
		E5123AAE22857462005722AC /* Project object */ = {
			isa = PBXProject;
			attributes = {
				LastSwiftUpdateCheck = 1020;
				LastUpgradeCheck = 1020;
				ORGANIZATIONNAME = "Coding Blocks";
				TargetAttributes = {
					E5123AB522857462005722AC = {
						CreatedOnToolsVersion = 10.2.1;
					};
				};
			};
			buildConfigurationList = E5123AB122857462005722AC /* Build configuration list for PBXProject "CBOnlineIos" */;
			compatibilityVersion = "Xcode 9.3";
			developmentRegion = en;
			hasScannedForEncodings = 0;
			knownRegions = (
				en,
				Base,
			);
			mainGroup = E5123AAD22857462005722AC;
			productRefGroup = E5123AB722857462005722AC /* Products */;
			projectDirPath = "";
			projectRoot = "";
			targets = (
				E5123AB522857462005722AC /* CBOnlineIos */,
			);
		};
/* End PBXProject section */

/* Begin PBXResourcesBuildPhase section */
		E5123AB422857462005722AC /* Resources */ = {
			isa = PBXResourcesBuildPhase;
			buildActionMask = 2147483647;
			files = (
				E5123AC422857464005722AC /* LaunchScreen.storyboard in Resources */,
				E5123AC122857464005722AC /* Assets.xcassets in Resources */,
				E5123ABF22857462005722AC /* Main.storyboard in Resources */,
			);
			runOnlyForDeploymentPostprocessing = 0;
		};
/* End PBXResourcesBuildPhase section */

/* Begin PBXShellScriptBuildPhase section */
		3F4AB8EB9D8C16435868F457 /* [CP] Embed Pods Frameworks */ = {
			isa = PBXShellScriptBuildPhase;
			buildActionMask = 2147483647;
			files = (
			);
			inputFileListPaths = (
				"${PODS_ROOT}/Target Support Files/Pods-CBOnlineIos/Pods-CBOnlineIos-frameworks-${CONFIGURATION}-input-files.xcfilelist",
			);
			name = "[CP] Embed Pods Frameworks";
			outputFileListPaths = (
				"${PODS_ROOT}/Target Support Files/Pods-CBOnlineIos/Pods-CBOnlineIos-frameworks-${CONFIGURATION}-output-files.xcfilelist",
			);
			runOnlyForDeploymentPostprocessing = 0;
			shellPath = /bin/sh;
			shellScript = "\"${PODS_ROOT}/Target Support Files/Pods-CBOnlineIos/Pods-CBOnlineIos-frameworks.sh\"\n";
			showEnvVarsInLog = 0;
		};
		EB5CDBA58ECFAC792A0027E3 /* [CP] Check Pods Manifest.lock */ = {
			isa = PBXShellScriptBuildPhase;
			buildActionMask = 2147483647;
			files = (
			);
			inputFileListPaths = (
			);
			inputPaths = (
				"${PODS_PODFILE_DIR_PATH}/Podfile.lock",
				"${PODS_ROOT}/Manifest.lock",
			);
			name = "[CP] Check Pods Manifest.lock";
			outputFileListPaths = (
			);
			outputPaths = (
				"$(DERIVED_FILE_DIR)/Pods-CBOnlineIos-checkManifestLockResult.txt",
			);
			runOnlyForDeploymentPostprocessing = 0;
			shellPath = /bin/sh;
			shellScript = "diff \"${PODS_PODFILE_DIR_PATH}/Podfile.lock\" \"${PODS_ROOT}/Manifest.lock\" > /dev/null\nif [ $? != 0 ] ; then\n    # print error to STDERR\n    echo \"error: The sandbox is not in sync with the Podfile.lock. Run 'pod install' or update your CocoaPods installation.\" >&2\n    exit 1\nfi\n# This output is used by Xcode 'outputs' to avoid re-running this script phase.\necho \"SUCCESS\" > \"${SCRIPT_OUTPUT_FILE_0}\"\n";
			showEnvVarsInLog = 0;
		};
/* End PBXShellScriptBuildPhase section */

/* Begin PBXSourcesBuildPhase section */
		E5123AB222857462005722AC /* Sources */ = {
			isa = PBXSourcesBuildPhase;
			buildActionMask = 2147483647;
			files = (
				E5123ABC22857462005722AC /* ViewController.swift in Sources */,
				E5123ABA22857462005722AC /* AppDelegate.swift in Sources */,
				57CACB7424914CB80013E3AA /* ButtonFillGradient.swift in Sources */,
				57CACB7624914CF70013E3AA /* ButtonBorderGradient.swift in Sources */,
				57CACB702491440D0013E3AA /* onboardingScreen .swift in Sources */,
				E5DBADE522A2EA75007A20B5 /* CourseCard.swift in Sources */,
				E5DBADE222A2EA4A007A20B5 /* Extensions+UIView.swift in Sources */,
				FFF716AA249C61200043EB81 /* DashboardViewController.swift in Sources */,
			);
			runOnlyForDeploymentPostprocessing = 0;
		};
/* End PBXSourcesBuildPhase section */

/* Begin PBXVariantGroup section */
		E5123ABD22857462005722AC /* Main.storyboard */ = {
			isa = PBXVariantGroup;
			children = (
				E5123ABE22857462005722AC /* Base */,
			);
			name = Main.storyboard;
			sourceTree = "<group>";
		};
		E5123AC222857464005722AC /* LaunchScreen.storyboard */ = {
			isa = PBXVariantGroup;
			children = (
				E5123AC322857464005722AC /* Base */,
			);
			name = LaunchScreen.storyboard;
			sourceTree = "<group>";
		};
/* End PBXVariantGroup section */

/* Begin XCBuildConfiguration section */
		E5123AC622857464005722AC /* Debug */ = {
			isa = XCBuildConfiguration;
			buildSettings = {
				ALWAYS_SEARCH_USER_PATHS = NO;
				CLANG_ANALYZER_NONNULL = YES;
				CLANG_ANALYZER_NUMBER_OBJECT_CONVERSION = YES_AGGRESSIVE;
				CLANG_CXX_LANGUAGE_STANDARD = "gnu++14";
				CLANG_CXX_LIBRARY = "libc++";
				CLANG_ENABLE_MODULES = YES;
				CLANG_ENABLE_OBJC_ARC = YES;
				CLANG_ENABLE_OBJC_WEAK = YES;
				CLANG_WARN_BLOCK_CAPTURE_AUTORELEASING = YES;
				CLANG_WARN_BOOL_CONVERSION = YES;
				CLANG_WARN_COMMA = YES;
				CLANG_WARN_CONSTANT_CONVERSION = YES;
				CLANG_WARN_DEPRECATED_OBJC_IMPLEMENTATIONS = YES;
				CLANG_WARN_DIRECT_OBJC_ISA_USAGE = YES_ERROR;
				CLANG_WARN_DOCUMENTATION_COMMENTS = YES;
				CLANG_WARN_EMPTY_BODY = YES;
				CLANG_WARN_ENUM_CONVERSION = YES;
				CLANG_WARN_INFINITE_RECURSION = YES;
				CLANG_WARN_INT_CONVERSION = YES;
				CLANG_WARN_NON_LITERAL_NULL_CONVERSION = YES;
				CLANG_WARN_OBJC_IMPLICIT_RETAIN_SELF = YES;
				CLANG_WARN_OBJC_LITERAL_CONVERSION = YES;
				CLANG_WARN_OBJC_ROOT_CLASS = YES_ERROR;
				CLANG_WARN_RANGE_LOOP_ANALYSIS = YES;
				CLANG_WARN_STRICT_PROTOTYPES = YES;
				CLANG_WARN_SUSPICIOUS_MOVE = YES;
				CLANG_WARN_UNGUARDED_AVAILABILITY = YES_AGGRESSIVE;
				CLANG_WARN_UNREACHABLE_CODE = YES;
				CLANG_WARN__DUPLICATE_METHOD_MATCH = YES;
				CODE_SIGN_IDENTITY = "iPhone Developer";
				COPY_PHASE_STRIP = NO;
				DEBUG_INFORMATION_FORMAT = dwarf;
				ENABLE_STRICT_OBJC_MSGSEND = YES;
				ENABLE_TESTABILITY = YES;
				GCC_C_LANGUAGE_STANDARD = gnu11;
				GCC_DYNAMIC_NO_PIC = NO;
				GCC_NO_COMMON_BLOCKS = YES;
				GCC_OPTIMIZATION_LEVEL = 0;
				GCC_PREPROCESSOR_DEFINITIONS = (
					"DEBUG=1",
					"$(inherited)",
				);
				GCC_WARN_64_TO_32_BIT_CONVERSION = YES;
				GCC_WARN_ABOUT_RETURN_TYPE = YES_ERROR;
				GCC_WARN_UNDECLARED_SELECTOR = YES;
				GCC_WARN_UNINITIALIZED_AUTOS = YES_AGGRESSIVE;
				GCC_WARN_UNUSED_FUNCTION = YES;
				GCC_WARN_UNUSED_VARIABLE = YES;
				IPHONEOS_DEPLOYMENT_TARGET = 12.2;
				MTL_ENABLE_DEBUG_INFO = INCLUDE_SOURCE;
				MTL_FAST_MATH = YES;
				ONLY_ACTIVE_ARCH = YES;
				SDKROOT = iphoneos;
				SWIFT_ACTIVE_COMPILATION_CONDITIONS = DEBUG;
				SWIFT_OPTIMIZATION_LEVEL = "-Onone";
			};
			name = Debug;
		};
		E5123AC722857464005722AC /* Release */ = {
			isa = XCBuildConfiguration;
			buildSettings = {
				ALWAYS_SEARCH_USER_PATHS = NO;
				CLANG_ANALYZER_NONNULL = YES;
				CLANG_ANALYZER_NUMBER_OBJECT_CONVERSION = YES_AGGRESSIVE;
				CLANG_CXX_LANGUAGE_STANDARD = "gnu++14";
				CLANG_CXX_LIBRARY = "libc++";
				CLANG_ENABLE_MODULES = YES;
				CLANG_ENABLE_OBJC_ARC = YES;
				CLANG_ENABLE_OBJC_WEAK = YES;
				CLANG_WARN_BLOCK_CAPTURE_AUTORELEASING = YES;
				CLANG_WARN_BOOL_CONVERSION = YES;
				CLANG_WARN_COMMA = YES;
				CLANG_WARN_CONSTANT_CONVERSION = YES;
				CLANG_WARN_DEPRECATED_OBJC_IMPLEMENTATIONS = YES;
				CLANG_WARN_DIRECT_OBJC_ISA_USAGE = YES_ERROR;
				CLANG_WARN_DOCUMENTATION_COMMENTS = YES;
				CLANG_WARN_EMPTY_BODY = YES;
				CLANG_WARN_ENUM_CONVERSION = YES;
				CLANG_WARN_INFINITE_RECURSION = YES;
				CLANG_WARN_INT_CONVERSION = YES;
				CLANG_WARN_NON_LITERAL_NULL_CONVERSION = YES;
				CLANG_WARN_OBJC_IMPLICIT_RETAIN_SELF = YES;
				CLANG_WARN_OBJC_LITERAL_CONVERSION = YES;
				CLANG_WARN_OBJC_ROOT_CLASS = YES_ERROR;
				CLANG_WARN_RANGE_LOOP_ANALYSIS = YES;
				CLANG_WARN_STRICT_PROTOTYPES = YES;
				CLANG_WARN_SUSPICIOUS_MOVE = YES;
				CLANG_WARN_UNGUARDED_AVAILABILITY = YES_AGGRESSIVE;
				CLANG_WARN_UNREACHABLE_CODE = YES;
				CLANG_WARN__DUPLICATE_METHOD_MATCH = YES;
				CODE_SIGN_IDENTITY = "iPhone Developer";
				COPY_PHASE_STRIP = NO;
				DEBUG_INFORMATION_FORMAT = "dwarf-with-dsym";
				ENABLE_NS_ASSERTIONS = NO;
				ENABLE_STRICT_OBJC_MSGSEND = YES;
				GCC_C_LANGUAGE_STANDARD = gnu11;
				GCC_NO_COMMON_BLOCKS = YES;
				GCC_WARN_64_TO_32_BIT_CONVERSION = YES;
				GCC_WARN_ABOUT_RETURN_TYPE = YES_ERROR;
				GCC_WARN_UNDECLARED_SELECTOR = YES;
				GCC_WARN_UNINITIALIZED_AUTOS = YES_AGGRESSIVE;
				GCC_WARN_UNUSED_FUNCTION = YES;
				GCC_WARN_UNUSED_VARIABLE = YES;
				IPHONEOS_DEPLOYMENT_TARGET = 12.2;
				MTL_ENABLE_DEBUG_INFO = NO;
				MTL_FAST_MATH = YES;
				SDKROOT = iphoneos;
				SWIFT_COMPILATION_MODE = wholemodule;
				SWIFT_OPTIMIZATION_LEVEL = "-O";
				VALIDATE_PRODUCT = YES;
			};
			name = Release;
		};
		E5123AC922857464005722AC /* Debug */ = {
			isa = XCBuildConfiguration;
			baseConfigurationReference = 29A67E85AF305C97A6C0CACB /* Pods-CBOnlineIos.debug.xcconfig */;
			buildSettings = {
				ASSETCATALOG_COMPILER_APPICON_NAME = AppIcon;
				CODE_SIGN_STYLE = Automatic;
				DEVELOPMENT_TEAM = RK3JMA88P6;
				INFOPLIST_FILE = CBOnlineIos/Info.plist;
				IPHONEOS_DEPLOYMENT_TARGET = 12.2;
				LD_RUNPATH_SEARCH_PATHS = (
					"$(inherited)",
					"@executable_path/Frameworks",
				);
				PRODUCT_BUNDLE_IDENTIFIER = com.codingblocks..CBOnlineIos;
				PRODUCT_NAME = "$(TARGET_NAME)";
				SWIFT_VERSION = 5.0;
				TARGETED_DEVICE_FAMILY = "1,2";
			};
			name = Debug;
		};
		E5123ACA22857464005722AC /* Release */ = {
			isa = XCBuildConfiguration;
			baseConfigurationReference = 932BC159D3896363EBD793BD /* Pods-CBOnlineIos.release.xcconfig */;
			buildSettings = {
				ASSETCATALOG_COMPILER_APPICON_NAME = AppIcon;
				CODE_SIGN_STYLE = Automatic;
				DEVELOPMENT_TEAM = RK3JMA88P6;
				INFOPLIST_FILE = CBOnlineIos/Info.plist;
				IPHONEOS_DEPLOYMENT_TARGET = 12.2;
				LD_RUNPATH_SEARCH_PATHS = (
					"$(inherited)",
					"@executable_path/Frameworks",
				);
				PRODUCT_BUNDLE_IDENTIFIER = com.codingblocks..CBOnlineIos;
				PRODUCT_NAME = "$(TARGET_NAME)";
				SWIFT_VERSION = 5.0;
				TARGETED_DEVICE_FAMILY = "1,2";
			};
			name = Release;
		};
/* End XCBuildConfiguration section */

/* Begin XCConfigurationList section */
		E5123AB122857462005722AC /* Build configuration list for PBXProject "CBOnlineIos" */ = {
			isa = XCConfigurationList;
			buildConfigurations = (
				E5123AC622857464005722AC /* Debug */,
				E5123AC722857464005722AC /* Release */,
			);
			defaultConfigurationIsVisible = 0;
			defaultConfigurationName = Release;
		};
		E5123AC822857464005722AC /* Build configuration list for PBXNativeTarget "CBOnlineIos" */ = {
			isa = XCConfigurationList;
			buildConfigurations = (
				E5123AC922857464005722AC /* Debug */,
				E5123ACA22857464005722AC /* Release */,
			);
			defaultConfigurationIsVisible = 0;
			defaultConfigurationName = Release;
		};
/* End XCConfigurationList section */
	};
	rootObject = E5123AAE22857462005722AC /* Project object */;
}
